<?xml version="1.0" encoding="UTF-8" standalone="yes" ?>
<CodeBlocks_project_file>
	<FileVersion major="1" minor="6" />
	<Project>
		<Option title="test2 - mvVec3 CPP Unit Test" />
		<Option pch_mode="2" />
		<Option compiler="gcc" />
		<Build>
			<Target title="mingw-winXP">
				<Option output="..\bin\test\mvVec3CPPUnitTest" prefix_auto="1" extension_auto="1" />
				<Option working_dir="..\bin\test" />
				<Option object_output="obj\Release\" />
				<Option external_deps="..\lib\libmvMotionAI-mingw.a;lib\libTestHarness.a;..\bin\test\libcppunit-1-12-0.dll;" />
				<Option type="1" />
				<Option compiler="gcc" />
				<Compiler>
					<Add option="-O2" />
					<Add directory="$(CPPUNIT_INC_PATH)" />
				</Compiler>
				<Linker>
					<Add option="-s" />
					<Add library="TestHarness" />
					<Add library="cppunit" />
					<Add library="cppunit.dll" />
					<Add library="..\lib\libmvMotionAI-mingw.a" />
					<Add directory="$(CPPUNIT_LIB_PATH)" />
					<Add directory="lib" />
				</Linker>
				<Environment>
					<Variable name="CPPUNIT_INC_PATH" value="D:\CPPunit\cppunit-1.12.0\include" />
					<Variable name="CPPUNIT_LIB_PATH" value="D:\CPPunit\cppunit-1.12.0\src\cppunit\.libs" />
				</Environment>
			</Target>
			<Target title="ubuntu - Release">
				<Option output="..\bin\test\mvVec3CPPUnitTest" prefix_auto="1" extension_auto="1" />
				<Option working_dir="..\bin\test" />
				<Option object_output="obj\Release\" />
				<Option type="1" />
				<Option compiler="gcc" />
				<Compiler>
					<Add option="-O2" />
					<Add directory="$(CPPUNIT_INC_PATH)" />
				</Compiler>
				<Linker>
					<Add option="-s" />
					<Add library="TestHarness" />
					<Add library="cppunit" />
					<Add library="cppunit.dll" />
					<Add directory="$(CPPUNIT_LIB_PATH)" />
					<Add directory="lib" />
				</Linker>
				<Environment>
					<Variable name="CPPUNIT_INC_PATH" value="D:\CPPunit\cppunit-1.12.0\include" />
					<Variable name="CPPUNIT_LIB_PATH" value="D:\CPPunit\cppunit-1.12.0\src\cppunit\.libs" />
				</Environment>
			</Target>
		</Build>
		<Compiler>
			<Add option="-Wall" />
			<Add directory="..\include" />
		</Compiler>
		<Linker>
			<Add directory="lib" />
		</Linker>
		<Unit filename="mvVec3Test.cpp" />
		<Unit filename="mvVec3Test.h" />
		<Extensions>
			<code_completion />
			<envvars />
			<debugger />
		</Extensions>
	</Project>
</CodeBlocks_project_file>
