<?xml version="1.0" encoding="UTF-8" standalone="yes" ?>
<CodeBlocks_project_file>
	<FileVersion major="1" minor="6" />
	<Project>
		<Option title="tutorial1 : Custom mvBaseActions with C interface" />
		<Option pch_mode="2" />
		<Option compiler="gcc" />
		<Build>
			<Target title="mingw-winXP-debug">
				<Option output="bin\mvCustomAction-winXP-debug.exe" prefix_auto="1" extension_auto="1" />
				<Option object_output="obj\Debug\" />
				<Option external_deps="lib\libmvMotionAI-mingw-debug.a;" />
				<Option type="1" />
				<Option compiler="gcc" />
				<Compiler>
					<Add option="-g" />
				</Compiler>
				<Linker>
					<Add library="freeglut-debug" />
					<Add library="opengl32" />
					<Add library="glu32" />
					<Add library="mvMotionAI-mingw-debug" />
				</Linker>
			</Target>
			<Target title="mingw-winXP">
				<Option output="bin\mvCustomAction-winXP.exe" prefix_auto="1" extension_auto="1" />
				<Option object_output="obj\Release\" />
				<Option external_deps="lib\libmvMotionAI-mingw-debug.a;" />
				<Option type="1" />
				<Option compiler="gcc" />
				<Compiler>
					<Add option="-fexpensive-optimizations" />
					<Add option="-Os" />
					<Add option="-O3" />
					<Add option="-O2" />
					<Add option="-O1" />
					<Add option="-O" />
				</Compiler>
				<Linker>
					<Add option="-s" />
					<Add library="freeglut-debug" />
					<Add library="opengl32" />
					<Add library="glu32" />
					<Add library="lib\libmvMotionAI-mingw.a" />
				</Linker>
			</Target>
		</Build>
		<Compiler>
			<Add option="-Wall" />
			<Add option="-fexceptions" />
			<Add directory="include" />
			<Add directory="include-other" />
		</Compiler>
		<Linker>
			<Add directory="lib" />
			<Add directory="lib-other" />
		</Linker>
		<Unit filename="examples-src\Camera.cpp" />
		<Unit filename="examples-src\Camera.h" />
		<Unit filename="examples-src\CustomActionGLMain.cpp" />
		<Unit filename="examples-src\TimedHop.cpp" />
		<Unit filename="examples-src\TimedHop.h" />
		<Extensions>
			<code_completion />
			<envvars />
		</Extensions>
	</Project>
</CodeBlocks_project_file>
