<?xml version="1.0" encoding="UTF-8" standalone="yes" ?>
<CodeBlocks_project_file>
	<FileVersion major="1" minor="6" />
	<Project>
		<Option title="tutorial3 : Custom mvBaseActions with C interface" />
		<Option pch_mode="2" />
		<Option compiler="gcc" />
		<Build>
			<Target title="mingw-winXP-debug">
				<Option output="bin/tutorial3-winXP-debug" prefix_auto="1" extension_auto="1" />
				<Option object_output="obj/Debug/" />
				<Option external_deps="lib/libmvMotionAI-mingw-debug.a;" />
				<Option type="1" />
				<Option compiler="gcc" />
				<Compiler>
					<Add option="-g" />
					<Add directory="include" />
					<Add directory="include-other" />
				</Compiler>
				<Linker>
					<Add library="freeglut-debug" />
					<Add library="opengl32" />
					<Add library="glu32" />
					<Add library="mvMotionAI-mingw-debug" />
				</Linker>
			</Target>
			<Target title="mingw-winXP">
				<Option output="bin/tutorial3-winXP" prefix_auto="1" extension_auto="1" />
				<Option object_output="obj/Release/" />
				<Option external_deps="lib/libmvMotionAI-mingw-debug.a;" />
				<Option type="1" />
				<Option compiler="gcc" />
				<Compiler>
					<Add option="-fexpensive-optimizations" />
					<Add option="-Os" />
					<Add option="-O3" />
					<Add option="-O2" />
					<Add option="-O1" />
					<Add option="-O" />
					<Add directory="include" />
					<Add directory="include-other" />
				</Compiler>
				<Linker>
					<Add option="-s" />
					<Add library="freeglut" />
					<Add library="opengl32" />
					<Add library="glu32" />
					<Add library="lib/libmvMotionAI-mingw.a" />
				</Linker>
			</Target>
			<Target title="mingw-winXP-dll">
				<Option output="bin/tutorial3-winXP-dll" prefix_auto="1" extension_auto="1" />
				<Option object_output="obj/Release/" />
				<Option external_deps="bin/libmvMotionAI-mingw-dll.a;bin/libmvMotionAI-mingw-dll.def;" />
				<Option type="1" />
				<Option compiler="gcc" />
				<Compiler>
					<Add option="-fexpensive-optimizations" />
					<Add option="-Os" />
					<Add option="-O3" />
					<Add option="-O2" />
					<Add option="-O1" />
					<Add option="-O" />
					<Add directory="include" />
					<Add directory="include-other" />
				</Compiler>
				<Linker>
					<Add option="-s" />
					<Add library="freeglut" />
					<Add library="opengl32" />
					<Add library="glu32" />
					<Add library="bin/libmvMotionAI-mingw-dll.a" />
				</Linker>
			</Target>
			<Target title="mingw-winXP-dll-debug">
				<Option output="bin/tutorial3-winXP-dll-debug" prefix_auto="1" extension_auto="1" />
				<Option object_output="obj/Release/" />
				<Option external_deps="bin/libmvMotionAI-mingw-dl-debugl.a;bin/libmvMotionAI-mingw-dll-debug.def;" />
				<Option type="1" />
				<Option compiler="gcc" />
				<Compiler>
					<Add option="-fexpensive-optimizations" />
					<Add option="-Os" />
					<Add option="-O3" />
					<Add option="-O2" />
					<Add option="-O1" />
					<Add option="-O" />
					<Add option="-g" />
					<Add directory="include" />
					<Add directory="include-other" />
				</Compiler>
				<Linker>
					<Add option="-s" />
					<Add library="freeglut" />
					<Add library="opengl32" />
					<Add library="glu32" />
					<Add library="bin/libmvMotionAI-mingw-dll-debug.a" />
				</Linker>
			</Target>
			<Target title="unix debug">
				<Option output="bin/tutorial3-unix-debug" prefix_auto="1" extension_auto="1" />
				<Option object_output="obj/Release/" />
				<Option external_deps="bin/libmvMotionAI-mingw-dl-debugl.a;bin/libmvMotionAI-mingw-dll-debug.def;" />
				<Option type="1" />
				<Option compiler="gcc" />
				<Compiler>
					<Add option="-fexpensive-optimizations" />
					<Add option="-Os" />
					<Add option="-O3" />
					<Add option="-O2" />
					<Add option="-O1" />
					<Add option="-O" />
					<Add option="-g" />
					<Add directory="/usr/include" />
				</Compiler>
				<Linker>
					<Add option="-s" />
					<Add library="glut" />
					<Add library="GLU" />
					<Add library="GL" />
					<Add library="mvMotionAI-unix-debug" />
				</Linker>
			</Target>
			<Target title="unix">
				<Option output="bin/tutorial3-unix" prefix_auto="1" extension_auto="1" />
				<Option object_output="obj/Release/" />
				<Option external_deps="bin/libmvMotionAI-mingw-dl-debugl.a;bin/libmvMotionAI-mingw-dll-debug.def;" />
				<Option type="1" />
				<Option compiler="gcc" />
				<Compiler>
					<Add option="-fexpensive-optimizations" />
					<Add option="-Os" />
					<Add option="-O3" />
					<Add option="-O2" />
					<Add option="-O1" />
					<Add option="-O" />
					<Add directory="/usr/include" />
				</Compiler>
				<Linker>
					<Add option="-s" />
					<Add library="glut" />
					<Add library="GLU" />
					<Add library="GL" />
					<Add library="mvMotionAI-unix" />
				</Linker>
			</Target>
			<Target title="default">
				<Option output="bin/tutorial3" prefix_auto="1" extension_auto="1" />
				<Option object_output="obj/Debug/" />
				<Option external_deps="lib/libmvMotionAI.a;" />
				<Option type="1" />
				<Option compiler="gcc" />
				<Compiler>
					<Add option="-g" />
				</Compiler>
				<Linker>
					<Add library="freeglut-debug" />
					<Add library="opengl32" />
					<Add library="glu32" />
					<Add library="mvMotionAI" />
				</Linker>
			</Target>
		</Build>
		<Compiler>
			<Add option="-Wall" />
			<Add option="-fexceptions" />
			<Add directory="include" />
		</Compiler>
		<Linker>
			<Add directory="lib" />
			<Add directory="lib-other" />
		</Linker>
		<Unit filename="examples-src/Camera.cpp" />
		<Unit filename="examples-src/Camera.h" />
		<Unit filename="examples-src/tutorial3/CustomActionGLMain.cpp" />
		<Unit filename="examples-src/tutorial3/TimedHop.cpp" />
		<Unit filename="examples-src/tutorial3/TimedHop.h" />
		<Extensions>
			<code_completion />
		</Extensions>
	</Project>
</CodeBlocks_project_file>
