<?xml version="1.0" encoding="UTF-8" standalone="yes" ?>
<CodeBlocks_project_file>
	<FileVersion major="1" minor="6" />
	<Project>
		<Option title="sideproject1 : LuaGLTest" />
		<Option pch_mode="2" />
		<Option compiler="gcc" />
		<Build>
			<Target title="mingw-winXP">
				<Option platforms="Windows;" />
				<Option output="bin\sideproject1-mingw-winXP" prefix_auto="1" extension_auto="1" />
				<Option working_dir="bin" />
				<Option object_output="obj\Release\" />
				<Option external_deps="lib-other\mingw\liblua5.1.a;lib\libmvMotionAI-mingw.a;" />
				<Option type="1" />
				<Option compiler="gcc" />
				<Option parameters="Evasion.lua" />
				<Compiler>
					<Add option="-fexpensive-optimizations" />
					<Add option="-Os" />
					<Add option="-O3" />
					<Add option="-O2" />
					<Add option="-O1" />
					<Add option="-O" />
					<Add directory="include-other" />
				</Compiler>
				<Linker>
					<Add option="-s" />
					<Add library="lib-other\freeglut.lib" />
					<Add library="glu32" />
					<Add library="opengl32" />
					<Add library="lib\libmvMotionAI-mingw.a" />
					<Add library="lib\libmvLua.a" />
					<Add library="lib-other\mingw\liblua5.1.a" />
					<Add directory="lib" />
					<Add directory="lib-other" />
					<Add directory="lib-other\mingw" />
				</Linker>
			</Target>
			<Target title="mingw-winXP-debug">
				<Option platforms="Windows;" />
				<Option output="bin\sideproject1-mingw-winXP-debug" prefix_auto="1" extension_auto="1" />
				<Option working_dir="bin" />
				<Option object_output="obj\Debug\" />
				<Option external_deps="lib\libmvLua-debug.a;" />
				<Option type="1" />
				<Option compiler="gcc" />
				<Option parameters="Pursuit.lua" />
				<Compiler>
					<Add option="-O3" />
					<Add option="-O2" />
					<Add option="-O1" />
					<Add option="-O" />
					<Add option="-g" />
					<Add directory="include-other" />
				</Compiler>
				<Linker>
					<Add library="lib-other\freeglut.lib" />
					<Add library="glu32" />
					<Add library="opengl32" />
					<Add library="lib\libmvMotionAI-mingw-debug.a" />
					<Add library="bin\libmvLua-debug.a" />
					<Add library="lib-other\mingw\liblua5.1.a" />
					<Add directory="lib" />
					<Add directory="lib-other" />
					<Add directory="lib-other\mingw" />
				</Linker>
			</Target>
			<Target title="mingw-winXP-dll">
				<Option platforms="Windows;" />
				<Option output="bin\sideproject1-mingw-winXP-dll" prefix_auto="1" extension_auto="1" />
				<Option working_dir="bin" />
				<Option object_output="obj\dll-Release\" />
				<Option external_deps="lib-other\mingw\liblua5.1.a;bin\libmvMotionAI-mingw-dll.def;bin\libmvMotionAI-mingw-dll.a;bin\mvMotionAI-mingw-dll.dll;bin\libmvLua-dll.a;bin\libmvLua-dll.def;bin\libmvLua-dll.dll;" />
				<Option type="1" />
				<Option compiler="gcc" />
				<Option parameters="Evasion.lua" />
				<Compiler>
					<Add option="-fexpensive-optimizations" />
					<Add option="-Os" />
					<Add option="-O3" />
					<Add option="-O2" />
					<Add option="-O1" />
					<Add option="-O" />
					<Add directory="include-other" />
				</Compiler>
				<Linker>
					<Add option="-s" />
					<Add library="lib-other\freeglut.lib" />
					<Add library="glu32" />
					<Add library="opengl32" />
					<Add library="bin\libmvMotionAI-mingw-dll.a" />
					<Add library="bin\libmvLua-dll.a" />
					<Add directory="lib" />
					<Add directory="lib-other" />
					<Add directory="lib-other\mingw" />
				</Linker>
			</Target>
			<Target title="mingw-winXP-dll-debug">
				<Option platforms="Windows;" />
				<Option output="bin\sideproject1-mingw-winXP-dll-debug" prefix_auto="1" extension_auto="1" />
				<Option working_dir="bin" />
				<Option object_output="obj\dll-Debug\" />
				<Option external_deps="lib-other\mingw\liblua5.1.a;bin\libmvMotionAI-mingw-dll-debug.def;bin\libmvMotionAI-mingw-dll-debug.a;bin\mvMotionAI-mingw-dll-debug.dll;bin\libmvLua-dll-debug.a;bin\libmvMotionAI-mingw-dll-debug.def;bin\mvLua-dll-debug.dll;" />
				<Option type="1" />
				<Option compiler="gcc" />
				<Option parameters="Evasion.lua" />
				<Compiler>
					<Add option="-fexpensive-optimizations" />
					<Add option="-Os" />
					<Add option="-O3" />
					<Add option="-O2" />
					<Add option="-O1" />
					<Add option="-O" />
					<Add option="-g" />
					<Add directory="include-other" />
				</Compiler>
				<Linker>
					<Add option="-s" />
					<Add library="lib-other\freeglut.lib" />
					<Add library="glu32" />
					<Add library="opengl32" />
					<Add library="bin\libmvLua-dll-debug.a" />
					<Add library="bin\libmvMotionAI-mingw-dll-debug.a" />
					<Add directory="lib" />
					<Add directory="lib-other" />
					<Add directory="lib-other\mingw" />
				</Linker>
			</Target>
		</Build>
		<Compiler>
			<Add option="-Wall" />
			<Add option="-fexceptions" />
			<Add directory="include" />
		</Compiler>
		<Unit filename="bin\Evasion.lua">
			<Option target="&lt;{~None~}&gt;" />
		</Unit>
		<Unit filename="bin\FollowPath.lua">
			<Option target="&lt;{~None~}&gt;" />
		</Unit>
		<Unit filename="examples-src\Camera.cpp" />
		<Unit filename="examples-src\Camera.h" />
		<Unit filename="examples-src\sideproject1\LuaGLTest.cpp" />
		<Unit filename="include\mvLua\mvLua.h" />
		<Extensions>
			<code_completion />
			<envvars />
			<debugger />
		</Extensions>
	</Project>
</CodeBlocks_project_file>
