<?xml version="1.0"?>
<!DOCTYPE CodeBlocks_project_file>
<CodeBlocks_project_file>
	<FileVersion major="1" minor="1"/>
	<Project>
		<Option title="Console application"/>
		<Option makefile="Makefile"/>
		<Option makefile_is_custom="0"/>
		<Option compiler="1"/>
		<Build>
			<Target title="default">
				<Option output="D:\Workspace\MotionAI\MotionAI.exe"/>
				<Option working_dir=".."/>
				<Option object_output=".objs"/>
				<Option deps_output=".deps"/>
				<Option type="1"/>
				<Option compiler="1"/>
				<Option projectResourceIncludeDirsRelation="1"/>
				<Compiler>
					<Add option="/MLd"/>
				</Compiler>
			</Target>
		</Build>
		<Compiler>
			<Add option="/MLd"/>
			<Add option="/Gd"/>
			<Add option="/D/EHsc"/>
			<Add directory="..\include\Win64"/>
			<Add directory="C:\Program Files\Microsoft Visual C++ Toolkit 2003\include"/>
			<Add directory="..\include"/>
		</Compiler>
		<Linker>
			<Add library="..\lib\freeglut-debug.lib"/>
			<Add library="C:\Program Files\Microsoft Visual C++ Toolkit 2003\lib\libcd.lib"/>
			<Add directory="..\lib"/>
			<Add directory="C:\Program Files\Microsoft Visual C++ Toolkit 2003\lib"/>
		</Linker>
		<Unit filename="main.cpp">
			<Option compilerVar="CPP"/>
			<Option target="default"/>
		</Unit>
	</Project>
</CodeBlocks_project_file>
