<?xml version="1.0" encoding="UTF-8" standalone="yes" ?>
<CodeBlocks_project_file>
	<FileVersion major="1" minor="6" />
	<Project>
		<Option title="experimental1 : multiple projects" />
		<Option pch_mode="2" />
		<Option compiler="gcc" />
		<Build>
			<Target title="Debug">
				<Option output="mvBaseBehaviours" prefix_auto="1" extension_auto="1" />
				<Option working_dir="..\mvMotionAI" />
				<Option type="1" />
				<Option compiler="gcc" />
				<Compiler>
					<Add option="-g" />
					<Add directory="experimental\include" />
					<Add directory="include" />
					<Add directory="experimental\src" />
				</Compiler>
				<Linker>
					<Add library="mvMotionAI-mingw" />
					<Add directory="lib" />
				</Linker>
			</Target>
			<Target title="C Interface">
				<Option output=".\mvBaseBehaviours" prefix_auto="1" extension_auto="1" />
				<Option object_output="obj" />
				<Option type="1" />
				<Option compiler="gcc" />
				<Compiler>
					<Add option="-O2" />
					<Add directory="experimental\include" />
					<Add directory="include" />
					<Add directory="experimental\src" />
				</Compiler>
				<Linker>
					<Add option="-s" />
					<Add library="mvMotionAI-mingw" />
				</Linker>
			</Target>
			<Target title="mvItemList-Debug">
				<Option output=".\mvItemList" prefix_auto="1" extension_auto="1" />
				<Option type="1" />
				<Option compiler="gcc" />
				<Compiler>
					<Add option="-pedantic" />
					<Add option="-Wall" />
					<Add option="-ansi" />
					<Add option="-g" />
					<Add directory="experimental\src" />
				</Compiler>
				<Linker>
					<Add library="mvMotionAI-mingw" />
				</Linker>
			</Target>
			<Target title="mvWorld2-Debug">
				<Option output="mvBaseBehaviours" prefix_auto="1" extension_auto="1" />
				<Option type="1" />
				<Option compiler="gcc" />
				<Compiler>
					<Add option="-g" />
					<Add directory="experimental\src" />
				</Compiler>
				<Linker>
					<Add library="mvMotionAI-mingw" />
					<Add directory="lib" />
				</Linker>
			</Target>
			<Target title="Class Pointers">
				<Option output=".\mvBaseBehaviours" prefix_auto="1" extension_auto="1" />
				<Option object_output="obj\Debug\" />
				<Option type="1" />
				<Option compiler="gcc" />
				<Compiler>
					<Add option="-g" />
					<Add directory="experimental\include" />
					<Add directory="include" />
					<Add directory="experimental\src" />
				</Compiler>
				<Linker>
					<Add library="mvMotionAI-mingw" />
					<Add directory="lib" />
				</Linker>
			</Target>
			<Target title="Shapes">
				<Option output="bin\test\mvShapeTest" prefix_auto="1" extension_auto="1" />
				<Option working_dir="bin\test" />
				<Option type="1" />
				<Option compiler="gcc" />
				<Compiler>
					<Add option="-Wall" />
					<Add option="-g" />
					<Add directory="..\..\CPPunit\cppunit-1.12.0\include" />
				</Compiler>
				<Linker>
					<Add library="cppunit.dll" />
					<Add library="cppunit" />
					<Add library="mvMotionAI-mingw" />
					<Add directory="..\..\CPPunit\cppunit-1.12.0\src\cppunit\.libs" />
					<Add directory="..\mvMotionAI" />
				</Linker>
			</Target>
			<Target title="mvMatrix">
				<Option output="bin\test\mvMatrixCodeTest" prefix_auto="1" extension_auto="1" />
				<Option working_dir="bin\test" />
				<Option type="1" />
				<Option compiler="gcc" />
				<Compiler>
					<Add option="-Wall" />
					<Add option="-g" />
					<Add directory="..\..\CPPunit\cppunit-1.12.0\include" />
				</Compiler>
				<Linker>
					<Add library="cppunit.dll" />
					<Add library="cppunit" />
					<Add library="mvMotionAI-mingw" />
					<Add directory="..\..\CPPunit\cppunit-1.12.0\src\cppunit\.libs" />
					<Add directory="..\mvMotionAI" />
				</Linker>
			</Target>
			<Target title="mvBitfields">
				<Option output="bin\test\mvBitFieldsUnitTest" prefix_auto="1" extension_auto="1" />
				<Option working_dir="bin\test" />
				<Option type="1" />
				<Option compiler="gcc" />
				<Compiler>
					<Add option="-Wall" />
					<Add option="-g" />
					<Add directory="..\..\CPPunit\cppunit-1.12.0\include" />
				</Compiler>
				<Linker>
					<Add library="cppunit.dll" />
					<Add library="cppunit" />
					<Add library="mvMotionAI-mingw" />
					<Add directory="..\..\CPPunit\cppunit-1.12.0\src\cppunit\.libs" />
					<Add directory="..\mvMotionAI" />
				</Linker>
			</Target>
		</Build>
		<Compiler>
			<Add option="-Wall" />
			<Add directory="experimental\include" />
			<Add directory="include" />
		</Compiler>
		<Linker>
			<Add directory="lib" />
		</Linker>
		<Unit filename="examples-src\test\mvSampleTest.cpp">
			<Option target="Shapes" />
			<Option target="mvMatrix" />
			<Option target="mvBitfields" />
		</Unit>
		<Unit filename="experimental\examples-src\ClassPtr.cpp">
			<Option target="Class Pointers" />
			<Option target="Debug" />
		</Unit>
		<Unit filename="experimental\examples-src\ShapesTest.cpp">
			<Option target="Debug" />
		</Unit>
		<Unit filename="experimental\examples-src\mvItemList-Test.cpp">
			<Option target="mvItemList-Debug" />
			<Option target="Debug" />
		</Unit>
		<Unit filename="experimental\examples-src\mvMatrixCodeTest.cpp">
			<Option target="mvMatrix" />
		</Unit>
		<Unit filename="experimental\examples-src\mvMatrixCodeTest.h">
			<Option target="mvMatrix" />
		</Unit>
		<Unit filename="experimental\examples-src\mvTestBehaviours.cpp">
			<Option target="C Interface" />
			<Option target="Debug" />
		</Unit>
		<Unit filename="experimental\examples-src\mvWorld2-Test.cpp">
			<Option target="mvWorld2-Debug" />
			<Option target="Debug" />
		</Unit>
		<Unit filename="experimental\include\mvMatrix.h">
			<Option target="mvMatrix" />
		</Unit>
		<Unit filename="experimental\src\mvMatrix.cpp">
			<Option target="mvMatrix" />
		</Unit>
		<Unit filename="test\mvBitFieldsUnitTest.cpp">
			<Option target="mvBitfields" />
		</Unit>
		<Unit filename="test\mvBitFieldsUnitTest.h">
			<Option target="mvBitfields" />
		</Unit>
		<Unit filename="test\mvShapeTest.cpp">
			<Option target="Shapes" />
		</Unit>
		<Unit filename="test\mvShapeTest.h">
			<Option target="Shapes" />
		</Unit>
		<Extensions>
			<code_completion />
			<envvars />
			<debugger />
		</Extensions>
	</Project>
</CodeBlocks_project_file>
