<?xml version="1.0" encoding="UTF-8" standalone="yes" ?>
<CodeBlocks_project_file>
	<FileVersion major="1" minor="6" />
	<Project>
		<Option title="mvLua C Interface" />
		<Option pch_mode="2" />
		<Option compiler="gcc" />
		<Build>
			<Target title="mingw-winXP">
				<Option platforms="Windows;" />
				<Option output="lib\libmvLua" prefix_auto="1" extension_auto="1" />
				<Option working_dir="" />
				<Option object_output="obj\Release\" />
				<Option external_deps="lib-other\mingw\liblua5.1.a;lib\libmvMotionAI-mingw.a;" />
				<Option type="2" />
				<Option compiler="gcc" />
				<Option createDefFile="1" />
				<Compiler>
					<Add option="-O2" />
					<Add directory="include-other\mingw" />
				</Compiler>
				<Linker>
					<Add option="-s" />
					<Add library="lib\libmvMotionAI-mingw.a" />
					<Add library="lib-other\mingw\liblua5.1.a" />
					<Add directory="lib-other\mingw" />
				</Linker>
			</Target>
			<Target title="mingw-winXP-debug">
				<Option platforms="Windows;" />
				<Option output="lib\libmvLua-debug" prefix_auto="1" extension_auto="1" />
				<Option working_dir="" />
				<Option object_output="obj\Debug\" />
				<Option external_deps="lib\libmvMotionAI-mingw-debug.a;lib-other\mingw\liblua5.1.a;" />
				<Option type="2" />
				<Option compiler="gcc" />
				<Option createDefFile="1" />
				<Compiler>
					<Add option="-O2" />
					<Add directory="include-other\mingw" />
				</Compiler>
				<Linker>
					<Add option="-s" />
					<Add library="lib\libmvMotionAI-mingw-debug.a" />
					<Add library="lib-other\mingw\liblua5.1.a" />
					<Add directory="lib-other\mingw" />
				</Linker>
			</Target>
			<Target title="mingw-winXP-dll">
				<Option platforms="Windows;" />
				<Option output="bin\mvLua-dll" prefix_auto="1" extension_auto="1" />
				<Option object_output="obj\dll-Release\" />
				<Option external_deps="bin\libmvMotionAI-mingw-stdlib.a;lib-other\mingw\liblua5.1.a;bin\libmvMotionAICI.a;" />
				<Option type="3" />
				<Option compiler="gcc" />
				<Option createDefFile="1" />
				<Option createStaticLib="1" />
				<Compiler>
					<Add option="-O2" />
					<Add option="-DMV_BUILD_DLL" />
					<Add directory="include-other\mingw" />
				</Compiler>
				<Linker>
					<Add option="-s" />
					<Add library="lib-other\mingw\liblua5.1.a" />
					<Add library="bin\libmvMotionAI-mingw-stdlib.a" />
					<Add library="bin\libmvMotionAICI.a" />
					<Add directory="lib-other\mingw" />
				</Linker>
			</Target>
			<Target title="mingw-winXP-dll-debug">
				<Option platforms="Windows;" />
				<Option output="bin\mvLua-dll-debug" prefix_auto="1" extension_auto="1" />
				<Option object_output="obj\dll-Release\" />
				<Option external_deps="lib-other\mingw\liblua5.1.a;bin\libmvMotionAICI-debug.a;bin\libmvMotionAI-mingw-stdlib-debug.a;" />
				<Option type="3" />
				<Option compiler="gcc" />
				<Option createDefFile="1" />
				<Option createStaticLib="1" />
				<Compiler>
					<Add option="-fexpensive-optimizations" />
					<Add option="-O3" />
					<Add option="-O2" />
					<Add option="-O1" />
					<Add option="-O" />
					<Add option="-g" />
					<Add option="-DMV_BUILD_DLL" />
					<Add directory="include-other\mingw" />
				</Compiler>
				<Linker>
					<Add library="lib-other\mingw\liblua5.1.a" />
					<Add library="bin\libmvMotionAICI-debug.a" />
					<Add library="bin\libmvMotionAI-mingw-stdlib-debug.a" />
					<Add directory="lib-other\mingw" />
				</Linker>
			</Target>
		</Build>
		<Compiler>
			<Add option="-Wall" />
			<Add directory="include" />
		</Compiler>
		<Linker>
			<Add library="user32" />
			<Add directory="lib" />
		</Linker>
		<Unit filename="src\mvLua\mvLua.cpp" />
		<Unit filename="src\mvLua\mvLua_CFunctions.cpp" />
		<Unit filename="src\mvLua\mvLua_CFunctions.h" />
		<Extensions>
			<code_completion />
			<envvars />
			<debugger />
		</Extensions>
	</Project>
</CodeBlocks_project_file>
