<?xml version="1.0"?>
<!DOCTYPE CodeBlocks_project_file>
<CodeBlocks_project_file>
	<FileVersion major="1" minor="1"/>
	<Project>
		<Option title="mvMotionAI Type Sizes "/>
		<Option makefile="Makefile"/>
		<Option makefile_is_custom="0"/>
		<Option compiler="0"/>
		<Build>
			<Target title="default">
				<Option output="bin\mvMotionAI-TypeSizes.exe"/>
				<Option working_dir="."/>
				<Option object_output=".objs"/>
				<Option deps_output=".deps"/>
				<Option type="1"/>
				<Option compiler="0"/>
				<Option projectResourceIncludeDirsRelation="1"/>
				<Compiler>
					<Add directory="include"/>
					<Add directory="include-other\mingw"/>
					<Add directory="include-other"/>
				</Compiler>
				<Linker>
					<Add directory="lib"/>
					<Add directory="lib-other\mingw"/>
				</Linker>
			</Target>
		</Build>
		<Linker>
			<Add library="mvMotionAI"/>
			<Add library="lualib5"/>
			<Add library="lua5"/>
		</Linker>
		<Unit filename="examples-src\TypesSizeTest.cpp">
			<Option compilerVar="CPP"/>
			<Option target="default"/>
		</Unit>
	</Project>
</CodeBlocks_project_file>
