<?xml version="1.0" encoding="UTF-8" standalone="yes" ?>
<CodeBlocks_project_file>
	<FileVersion major="1" minor="6" />
	<Project>
		<Option title="mvMotionAI static library" />
		<Option pch_mode="0" />
		<Option compiler="gcc" />
		<Build>
			<Target title="default">
				<Option output="lib\libmvMotionAI.a" prefix_auto="1" extension_auto="1" />
				<Option working_dir="" />
				<Option type="2" />
				<Option compiler="gcc" />
				<Option projectResourceIncludeDirsRelation="2" />
				<Compiler>
					<Add option="-Wall" />
					<Add directory="include" />
					<Add directory="experimental\include" />
				</Compiler>
				<Linker>
					<Add directory="lib-other" />
					<Add directory="lib-other\mingw" />
				</Linker>
			</Target>
			<Target title="ubuntu">
				<Option output="lib\libmvMotionAI-ubuntu.a" prefix_auto="1" extension_auto="1" />
				<Option working_dir="" />
				<Option type="2" />
				<Option compiler="gcc" />
				<Option createDefFile="1" />
				<Compiler>
					<Add option="-Os" />
					<Add option="-O3" />
					<Add option="-O2" />
					<Add option="-O1" />
					<Add option="-O" />
					<Add option="-W" />
					<Add option="-Wall" />
					<Add directory="\usr\include\lua50" />
				</Compiler>
			</Target>
			<Target title="mingw-winXP">
				<Option output="lib\libmvMotionAI-mingw.a" prefix_auto="1" extension_auto="1" />
				<Option working_dir="" />
				<Option type="2" />
				<Option compiler="gcc" />
				<Option createDefFile="1" />
				<Compiler>
					<Add option="-fexpensive-optimizations" />
					<Add option="-Os" />
					<Add option="-O3" />
					<Add option="-O2" />
					<Add option="-O1" />
					<Add option="-O" />
					<Add option="-Wall" />
					<Add directory="include-other" />
					<Add directory="include-other\mingw" />
				</Compiler>
				<Linker>
					<Add option="-s" />
					<Add directory="lib-other\mingw" />
				</Linker>
			</Target>
			<Target title="mingw-winXP-debug">
				<Option output="lib\libmvMotionAI-mingw-debug.a" prefix_auto="1" extension_auto="1" />
				<Option working_dir="" />
				<Option object_output=".objs-debug" />
				<Option type="2" />
				<Option compiler="gcc" />
				<Option createDefFile="1" />
				<Compiler>
					<Add option="-O3" />
					<Add option="-O2" />
					<Add option="-O1" />
					<Add option="-O" />
					<Add option="-Wall" />
					<Add option="-g" />
					<Add directory="include-other" />
					<Add directory="include-other\mingw" />
				</Compiler>
				<Linker>
					<Add directory="lib-other\mingw" />
				</Linker>
			</Target>
		</Build>
		<VirtualTargets>
			<Add alias="All" targets="default;" />
		</VirtualTargets>
		<Compiler>
			<Add option="-pedantic" />
			<Add option="-Wall" />
			<Add directory="include" />
			<Add directory="experimental\include" />
		</Compiler>
		<Linker>
			<Add directory="lib-other" />
			<Add directory="lib-other\mingw" />
		</Linker>
		<Unit filename="include\mvActionLoaderList.h" />
		<Unit filename="include\mvBEntry.h" />
		<Unit filename="include\mvBEntryList.h" />
		<Unit filename="include\mvBEntryListNode.h" />
		<Unit filename="include\mvBEntryTimer.h" />
		<Unit filename="include\mvBEntryUtility.h" />
		<Unit filename="include\mvBaseAction.h" />
		<Unit filename="include\mvBaseForce.h" />
		<Unit filename="include\mvBehaviourResult.h" />
		<Unit filename="include\mvBehaviour_V2.h" />
		<Unit filename="include\mvBodyCapsule.h" />
		<Unit filename="include\mvBody_V2.h" />
		<Unit filename="include\mvCapsuleList.h" />
		<Unit filename="include\mvCapsuleList.hpp" />
		<Unit filename="include\mvEnums.h" />
		<Unit filename="include\mvFactoryFunctionList.h" />
		<Unit filename="include\mvFactoryFunctionList.hpp" />
		<Unit filename="include\mvFlee.h" />
		<Unit filename="include\mvForceCapsule.h" />
		<Unit filename="include\mvForceLoaderList.h" />
		<Unit filename="include\mvForceResult.h" />
		<Unit filename="include\mvGravityForce.h" />
		<Unit filename="include\mvGroupBNode_V2.h" />
		<Unit filename="include\mvGroupBehaviourResult.h" />
		<Unit filename="include\mvGroupBehaviour_V2.h" />
		<Unit filename="include\mvGroupCapsule.h" />
		<Unit filename="include\mvGroup_V2.h" />
		<Unit filename="include\mvIndexSet.h" />
		<Unit filename="include\mvMotionAI-Types.h" />
		<Unit filename="include\mvMotionAI-Utilities.h" />
		<Unit filename="include\mvMotionAI.h" />
		<Unit filename="include\mvMotionAI_V2-Central.h" />
		<Unit filename="include\mvNullLoader.h" />
		<Unit filename="include\mvObstacle_V2.h" />
		<Unit filename="include\mvPathway_V2.h" />
		<Unit filename="include\mvPointerList.h" />
		<Unit filename="include\mvPointerList.hpp" />
		<Unit filename="include\mvPursuit.h" />
		<Unit filename="include\mvSeek.h" />
		<Unit filename="include\mvShape.h" />
		<Unit filename="include\mvUniformAccelForce.h" />
		<Unit filename="include\mvUniformForce.h" />
		<Unit filename="include\mvUniformShiftForce.h" />
		<Unit filename="include\mvVec3.h" />
		<Unit filename="include\mvWaypointCapsule.h" />
		<Unit filename="include\mvWaypoint_V2.h" />
		<Unit filename="include\mvWorld2.h" />
		<Unit filename="src\mvBEntry.cpp" />
		<Unit filename="src\mvBEntryList.cpp" />
		<Unit filename="src\mvBEntryListNode.cpp" />
		<Unit filename="src\mvBEntryTimer.cpp" />
		<Unit filename="src\mvBEntryUtility.cpp" />
		<Unit filename="src\mvBaseAction.cpp" />
		<Unit filename="src\mvBaseForce.cpp" />
		<Unit filename="src\mvBehaviourResult.cpp" />
		<Unit filename="src\mvBehaviour_V2.cpp" />
		<Unit filename="src\mvBodyCapsule.cpp" />
		<Unit filename="src\mvBody_V2.cpp" />
		<Unit filename="src\mvEnums.cpp" />
		<Unit filename="src\mvFlee.cpp" />
		<Unit filename="src\mvForceCapsule.cpp" />
		<Unit filename="src\mvForceResult.cpp" />
		<Unit filename="src\mvGravityForce.cpp" />
		<Unit filename="src\mvGroupBNode_V2.cpp" />
		<Unit filename="src\mvGroupBehaviourResult.cpp" />
		<Unit filename="src\mvGroupBehaviour_V2.cpp" />
		<Unit filename="src\mvGroupCapsule.cpp" />
		<Unit filename="src\mvGroup_V2.cpp" />
		<Unit filename="src\mvIndexSet.cpp" />
		<Unit filename="src\mvMotionAI-Utilities.cpp" />
		<Unit filename="src\mvMotionAI.cpp" />
		<Unit filename="src\mvMotionAI_V2-Central.cpp" />
		<Unit filename="src\mvNullLoader.cpp" />
		<Unit filename="src\mvObstacle_V2.cpp" />
		<Unit filename="src\mvPathway_V2.cpp" />
		<Unit filename="src\mvPursuit.cpp" />
		<Unit filename="src\mvSeek.cpp" />
		<Unit filename="src\mvShape.cpp" />
		<Unit filename="src\mvUniformAccelForce.cpp" />
		<Unit filename="src\mvUniformForce.cpp" />
		<Unit filename="src\mvUniformShiftForce.cpp" />
		<Unit filename="src\mvVec3.cpp" />
		<Unit filename="src\mvWaypointCapsule.cpp" />
		<Unit filename="src\mvWaypoint_V2.cpp" />
		<Unit filename="src\mvWorld2.cpp" />
		<Unit filename="src\mvWorld2_Functions.cpp" />
		<Unit filename="src\mvWorld2_Functions.h" />
		<Extensions>
			<code_completion />
			<envvars />
		</Extensions>
	</Project>
</CodeBlocks_project_file>
