<?xml version="1.0" encoding="UTF-8" standalone="yes" ?>
<CodeBlocks_project_file>
	<FileVersion major="1" minor="6" />
	<Project>
		<Option title="mvMotionAI static library" />
		<Option pch_mode="0" />
		<Option compiler="gcc" />
		<Option virtualFolders="Old Code Source Files\;Old Code\Old Code Headers\;Old Code Headers\;" />
		<Build>
			<Target title="default">
				<Option output="lib\libmvMotionAI.a" prefix_auto="1" extension_auto="1" />
				<Option working_dir="" />
				<Option type="2" />
				<Option compiler="gcc" />
				<Option projectResourceIncludeDirsRelation="2" />
				<Compiler>
					<Add option="-Os" />
					<Add option="-O3" />
					<Add option="-O2" />
					<Add option="-O1" />
					<Add option="-O" />
					<Add option="-Wall" />
					<Add directory="include" />
					<Add directory="experimental\include" />
				</Compiler>
				<Linker>
					<Add directory="lib-other" />
					<Add directory="lib-other\mingw" />
				</Linker>
			</Target>
			<Target title="ubuntu">
				<Option output="lib\libmvMotionAI-ubuntu.a" prefix_auto="1" extension_auto="1" />
				<Option working_dir="" />
				<Option type="2" />
				<Option compiler="gcc" />
				<Option createDefFile="1" />
				<Compiler>
					<Add option="-Os" />
					<Add option="-O3" />
					<Add option="-O2" />
					<Add option="-O1" />
					<Add option="-O" />
					<Add option="-W" />
					<Add option="-Wall" />
					<Add directory="\usr\include\lua50" />
				</Compiler>
			</Target>
			<Target title="mingw-winXP">
				<Option output="lib\libmvMotionAI-mingw.a" prefix_auto="1" extension_auto="1" />
				<Option working_dir="" />
				<Option type="2" />
				<Option compiler="gcc" />
				<Option createDefFile="1" />
				<Compiler>
					<Add option="-fexpensive-optimizations" />
					<Add option="-Os" />
					<Add option="-O3" />
					<Add option="-O2" />
					<Add option="-O1" />
					<Add option="-O" />
					<Add option="-Wall" />
					<Add directory="include-other" />
					<Add directory="include-other\mingw" />
				</Compiler>
				<Linker>
					<Add option="-s" />
					<Add directory="lib-other\mingw" />
				</Linker>
			</Target>
			<Target title="mingw-winXP-debug">
				<Option output="lib\libmvMotionAI-mingw-debug.a" prefix_auto="1" extension_auto="1" />
				<Option working_dir="" />
				<Option type="2" />
				<Option compiler="gcc" />
				<Option createDefFile="1" />
				<Compiler>
					<Add option="-O3" />
					<Add option="-O2" />
					<Add option="-O1" />
					<Add option="-O" />
					<Add option="-Wall" />
					<Add option="-g" />
					<Add directory="include-other" />
					<Add directory="include-other\mingw" />
				</Compiler>
				<Linker>
					<Add directory="lib-other\mingw" />
				</Linker>
			</Target>
		</Build>
		<VirtualTargets>
			<Add alias="All" targets="default;" />
		</VirtualTargets>
		<Compiler>
			<Add option="-pedantic" />
			<Add option="-Wall" />
			<Add directory="include" />
			<Add directory="experimental\include" />
		</Compiler>
		<Linker>
			<Add directory="lib-other" />
			<Add directory="lib-other\mingw" />
		</Linker>
		<Unit filename="experimental\include\mv2.h" />
		<Unit filename="experimental\include\mvBaseBehaviour.h" />
		<Unit filename="experimental\include\mvBehavFuncList.h" />
		<Unit filename="experimental\include\mvBehaviourResult.h" />
		<Unit filename="experimental\include\mvBehaviour_V2.h" />
		<Unit filename="experimental\include\mvBodyCapsule.h" />
		<Unit filename="experimental\include\mvBody_V2.h" />
		<Unit filename="experimental\include\mvCapsuleList.h" />
		<Unit filename="experimental\include\mvCapsuleList.hpp" />
		<Unit filename="experimental\include\mvFactoryFunctionList.h" />
		<Unit filename="experimental\include\mvFactoryFunctionList.hpp" />
		<Unit filename="experimental\include\mvForceCapsule.h" />
		<Unit filename="experimental\include\mvGroupBNode_V2.h" />
		<Unit filename="experimental\include\mvGroupBehaviourResult.h" />
		<Unit filename="experimental\include\mvGroupBehaviour_V2.h" />
		<Unit filename="experimental\include\mvIndexSet.h" />
		<Unit filename="experimental\include\mvObstacle_V2.h" />
		<Unit filename="experimental\include\mvPointerList.h" />
		<Unit filename="experimental\include\mvPointerList.hpp" />
		<Unit filename="experimental\include\mvShape.h" />
		<Unit filename="experimental\include\mvWaypointCapsule.h" />
		<Unit filename="experimental\include\mvWaypoint_V2.h" />
		<Unit filename="experimental\include\mvWorld2.h" />
		<Unit filename="experimental\src\mvBaseBehaviour.cpp" />
		<Unit filename="experimental\src\mvBehaviourResult.cpp" />
		<Unit filename="experimental\src\mvBehaviour_V2.cpp" />
		<Unit filename="experimental\src\mvBodyCapsule.cpp" />
		<Unit filename="experimental\src\mvBody_V2.cpp" />
		<Unit filename="experimental\src\mvForceCapsule.cpp" />
		<Unit filename="experimental\src\mvGroupBNode_V2.cpp" />
		<Unit filename="experimental\src\mvGroupBehaviour_V2.cpp" />
		<Unit filename="experimental\src\mvIndexSet.cpp" />
		<Unit filename="experimental\src\mvObstacle_V2.cpp" />
		<Unit filename="experimental\src\mvShape.cpp" />
		<Unit filename="experimental\src\mvWaypointCapsule.cpp" />
		<Unit filename="experimental\src\mvWaypoint_V2.cpp" />
		<Unit filename="experimental\src\mvWorld2.cpp" />
		<Unit filename="include\mvEnums.h" />
		<Unit filename="include\mvForce.h" />
		<Unit filename="include\mvGroup.h" />
		<Unit filename="include\mvMotionAI-Types.h" />
		<Unit filename="include\mvMotionAI-Utilities.h" />
		<Unit filename="include\mvPathway.h" />
		<Unit filename="include\mvVec3.h" />
		<Unit filename="src\mvEnums.cpp" />
		<Unit filename="src\mvForce.cpp" />
		<Unit filename="src\mvGroup.cpp" />
		<Unit filename="src\mvMotionAI-Utilities.cpp" />
		<Unit filename="src\mvPathway.cpp" />
		<Unit filename="src\mvVec3.cpp" />
		<Extensions>
			<code_completion />
		</Extensions>
	</Project>
</CodeBlocks_project_file>
