<?xml version="1.0" encoding="UTF-8" standalone="yes" ?>
<CodeBlocks_project_file>
	<FileVersion major="1" minor="6" />
	<Project>
		<Option title="tutorial4 : adding a custom mvBaseForce via mvMotionAI C interface" />
		<Option pch_mode="2" />
		<Option compiler="gcc" />
		<Build>
			<Target title="mingw-winXP-debug">
				<Option output="bin\tutorial4-mingw-debug" prefix_auto="1" extension_auto="1" />
				<Option object_output="obj\Debug\" />
				<Option external_deps="lib\libmvMotionAI-mingw-debug.a;" />
				<Option type="1" />
				<Option compiler="gcc" />
				<Compiler>
					<Add option="-g" />
					<Add directory="include-other" />
				</Compiler>
				<Linker>
					<Add library="lib-other\freeglut-debug.lib" />
					<Add library="opengl32" />
					<Add library="glu32" />
					<Add library="lib\libmvMotionAI-mingw-debug.a" />
					<Add directory="lib-other" />
				</Linker>
			</Target>
			<Target title="mingw-winXP">
				<Option output="bin\tutorial4-mingw" prefix_auto="1" extension_auto="1" />
				<Option object_output="obj\Release\" />
				<Option external_deps="lib\libmvMotionAI-mingw.a;" />
				<Option type="1" />
				<Option compiler="gcc" />
				<Compiler>
					<Add option="-O2" />
					<Add directory="include-other" />
				</Compiler>
				<Linker>
					<Add option="-s" />
					<Add library="lib-other\freeglut.lib" />
					<Add library="lib\libmvMotionAI-mingw.a" />
					<Add library="opengl32" />
					<Add library="glu32" />
					<Add directory="lib-other" />
				</Linker>
			</Target>
			<Target title="mingw-winXP-dll-debug">
				<Option output="bin\tutorial4-mingw-dll-debug" prefix_auto="1" extension_auto="1" />
				<Option object_output="obj\Debug-dll\" />
				<Option external_deps="bin\mvMotionAI-mingw-dll-debug.dll;bin\libmvMotionAI-mingw-dll-debug.a;bin\libmvMotionAI-mingw-dll-debug.def;" />
				<Option type="1" />
				<Option compiler="gcc" />
				<Compiler>
					<Add option="-pg" />
					<Add option="-g" />
					<Add directory="include-other" />
				</Compiler>
				<Linker>
					<Add option="-pg -lgmon" />
					<Add library="lib-other\freeglut-debug.lib" />
					<Add library="glu32" />
					<Add library="opengl32" />
					<Add library="bin\libmvMotionAI-mingw-dll-debug.a" />
					<Add directory="lib-other" />
				</Linker>
			</Target>
			<Target title="mingw-winXP-dll">
				<Option output="bin\tutorial4-mingw-dll" prefix_auto="1" extension_auto="1" />
				<Option object_output="obj\Release-dll\" />
				<Option external_deps="bin\mvMotionAI-mingw-dll.dll;bin\libmvMotionAI-mingw-dll.a;bin\libmvMotionAI-mingw-dll.def;" />
				<Option type="1" />
				<Option compiler="gcc" />
				<Compiler>
					<Add option="-O2" />
					<Add directory="include-other" />
				</Compiler>
				<Linker>
					<Add option="-s" />
					<Add library="lib-other\freeglut.lib" />
					<Add library="opengl32" />
					<Add library="glu32" />
					<Add library="bin\libmvMotionAI-mingw-dll.a" />
					<Add directory="lib-other" />
				</Linker>
			</Target>
		</Build>
		<Compiler>
			<Add option="-Wall" />
			<Add option="-fexceptions" />
			<Add directory="include" />
		</Compiler>
		<Unit filename="examples-src\Camera.cpp" />
		<Unit filename="examples-src\Camera.h" />
		<Unit filename="examples-src\tutorial4\AntiGravity.cpp" />
		<Unit filename="examples-src\tutorial4\AntiGravity.h" />
		<Unit filename="examples-src\tutorial4\tutorial4.cpp" />
		<Extensions>
			<code_completion />
			<envvars />
			<debugger />
		</Extensions>
	</Project>
</CodeBlocks_project_file>
