<?xml version="1.0" encoding="UTF-8" standalone="yes" ?>
<CodeBlocks_project_file>
	<FileVersion major="1" minor="6" />
	<Project>
		<Option title="tutorial1 - adding mvMotionAI to a C++ console application" />
		<Option pch_mode="2" />
		<Option compiler="gcc" />
		<Build>
			<Target title="default">
				<Option output="bin\tutorial1" prefix_auto="1" extension_auto="1" />
				<Option object_output="obj\Debug\" />
				<Option external_deps="lib\libmvMotionAI.a;" />
				<Option type="1" />
				<Option compiler="gcc" />
				<Compiler>
					<Add option="-fexpensive-optimizations" />
					<Add option="-Os" />
					<Add option="-O3" />
					<Add option="-O2" />
					<Add option="-O1" />
					<Add option="-O" />
				</Compiler>
				<Linker>
					<Add option="-s" />
					<Add library="lib\libmvMotionAI.a" />
				</Linker>
			</Target>
			<Target title="mingw-winXP">
				<Option output="bin\tutorial1-winXP" prefix_auto="1" extension_auto="1" />
				<Option object_output="obj\Debug\" />
				<Option external_deps="lib\libmvMotionAI-mingw.a;" />
				<Option type="1" />
				<Option compiler="gcc" />
				<Linker>
					<Add library="lib\libmvMotionAI-mingw.a" />
				</Linker>
			</Target>
			<Target title="mingw-winXP-debug">
				<Option output="bin\tutorial1-winXP-debug" prefix_auto="1" extension_auto="1" />
				<Option object_output="obj\Debug\" />
				<Option external_deps="lib\libmvMotionAI-mingw-debug.a;" />
				<Option type="1" />
				<Option compiler="gcc" />
				<Compiler>
					<Add option="-g" />
				</Compiler>
				<Linker>
					<Add library="lib\libmvMotionAI-mingw-debug.a" />
				</Linker>
			</Target>
			<Target title="mingw-winXP-dll">
				<Option output="bin\tutorial1-winXP-dll" prefix_auto="1" extension_auto="1" />
				<Option object_output="obj\Debug\" />
				<Option external_deps="bin\libmvMotionAI-mingw-stdlib.a;bin\libmvMotionAICI.a;" />
				<Option type="1" />
				<Option compiler="gcc" />
				<Linker>
					<Add library="bin\libmvMotionAI-mingw-stdlib.a" />
					<Add library="bin\libmvMotionAICI.a" />
					<Add directory="bin" />
				</Linker>
			</Target>
			<Target title="mingw-winXP-dll-debug">
				<Option output="bin\tutorial1-winXP-dll-debug" prefix_auto="1" extension_auto="1" />
				<Option object_output="obj\Debug\" />
				<Option external_deps="bin\libmvMotionAI-mingw-stdlib-debug.a;bin\libmvMotionAICI-debug.a;" />
				<Option type="1" />
				<Option compiler="gcc" />
				<Compiler>
					<Add option="-g" />
				</Compiler>
				<Linker>
					<Add library="bin\libmvMotionAI-mingw-stdlib-debug.a" />
					<Add library="bin\libmvMotionAICI-debug.a" />
					<Add directory="bin" />
				</Linker>
			</Target>
			<Target title="unix">
				<Option output="bin\Debug\tutorial1-unix" prefix_auto="1" extension_auto="1" />
				<Option object_output="obj\Debug\" />
				<Option external_deps="lib\libmvMotionAI-unix.a;" />
				<Option type="1" />
				<Option compiler="gcc" />
				<Linker>
					<Add library="lib\libmvMotionAI-unix.a" />
				</Linker>
			</Target>
			<Target title="unix debug">
				<Option output="bin\Debug\tutorial1-unix-debug" prefix_auto="1" extension_auto="1" />
				<Option object_output="obj\Debug\" />
				<Option external_deps="lib\libmvMotionAI-unix-debug.a;" />
				<Option type="1" />
				<Option compiler="gcc" />
				<Compiler>
					<Add option="-g" />
				</Compiler>
				<Linker>
					<Add library="lib\libmvMotionAI-unix-debug.a" />
				</Linker>
			</Target>
		</Build>
		<Compiler>
			<Add option="-Os" />
			<Add option="-O3" />
			<Add option="-O2" />
			<Add option="-O1" />
			<Add option="-O" />
			<Add option="-Wall" />
			<Add option="-fexceptions" />
			<Add directory="include" />
		</Compiler>
		<Linker>
			<Add directory="lib" />
		</Linker>
		<Unit filename="examples-src\tutorial1\tutorial1.cpp" />
		<Extensions>
			<code_completion />
			<envvars />
			<debugger />
		</Extensions>
	</Project>
</CodeBlocks_project_file>
